// !$*UTF8*$!
{
	archiveVersion = 1;
	classes = {
	};
	objectVersion = 50;
	objects = {

/* Begin PBXBuildFile section */
		2B64A0E64EDD90E73D294021 /* Pods_ProductivityTrackerTests.framework in Frameworks */ = {isa = PBXBuildFile; fileRef = 8F905216AAD6F424122DF29E /* Pods_ProductivityTrackerTests.framework */; };
		62F46F2B53050A7623C1B420 /* Pods_ProductivityTracker.framework in Frameworks */ = {isa = PBXBuildFile; fileRef = E3B717E722EA0052EFB07041 /* Pods_ProductivityTracker.framework */; };
		9325D046224A9464000E4AE5 /* PRGRoundSlider.swift in Sources */ = {isa = PBXBuildFile; fileRef = 9325D043224A9464000E4AE5 /* PRGRoundSlider.swift */; };
		9325D047224A9464000E4AE5 /* PRGRoundRangeSlider.swift in Sources */ = {isa = PBXBuildFile; fileRef = 9325D044224A9464000E4AE5 /* PRGRoundRangeSlider.swift */; };
		9325D048224A9464000E4AE5 /* SliderKit.swift in Sources */ = {isa = PBXBuildFile; fileRef = 9325D045224A9464000E4AE5 /* SliderKit.swift */; };
		93707A9F22455604004E20B3 /* ResultsChartViewController.swift in Sources */ = {isa = PBXBuildFile; fileRef = 93707A9E22455604004E20B3 /* ResultsChartViewController.swift */; };
		93707AA122455797004E20B3 /* HealthData.swift in Sources */ = {isa = PBXBuildFile; fileRef = 93707AA022455797004E20B3 /* HealthData.swift */; };
		9395703A2205157C00C52C6B /* AppDelegate.swift in Sources */ = {isa = PBXBuildFile; fileRef = 939570392205157C00C52C6B /* AppDelegate.swift */; };
		9395703C2205157C00C52C6B /* MealViewController.swift in Sources */ = {isa = PBXBuildFile; fileRef = 9395703B2205157C00C52C6B /* MealViewController.swift */; };
		9395703F2205157C00C52C6B /* Main.storyboard in Resources */ = {isa = PBXBuildFile; fileRef = 9395703D2205157C00C52C6B /* Main.storyboard */; };
		939570412205157E00C52C6B /* Assets.xcassets in Resources */ = {isa = PBXBuildFile; fileRef = 939570402205157E00C52C6B /* Assets.xcassets */; };
		939570442205157E00C52C6B /* LaunchScreen.storyboard in Resources */ = {isa = PBXBuildFile; fileRef = 939570422205157E00C52C6B /* LaunchScreen.storyboard */; };
		9395704F2205157E00C52C6B /* ProductivityTrackerTests.swift in Sources */ = {isa = PBXBuildFile; fileRef = 9395704E2205157E00C52C6B /* ProductivityTrackerTests.swift */; };
		9395705C221B378700C52C6B /* Meal.swift in Sources */ = {isa = PBXBuildFile; fileRef = 9395705B221B378700C52C6B /* Meal.swift */; };
		9395705E221B409B00C52C6B /* MealTableViewCell.swift in Sources */ = {isa = PBXBuildFile; fileRef = 9395705D221B409B00C52C6B /* MealTableViewCell.swift */; };
		93957060221B435300C52C6B /* RatingControl.swift in Sources */ = {isa = PBXBuildFile; fileRef = 9395705F221B435300C52C6B /* RatingControl.swift */; };
		93957062221BBB2B00C52C6B /* MealTableViewController.swift in Sources */ = {isa = PBXBuildFile; fileRef = 93957061221BBB2B00C52C6B /* MealTableViewController.swift */; };
/* End PBXBuildFile section */

/* Begin PBXContainerItemProxy section */
		9395704B2205157E00C52C6B /* PBXContainerItemProxy */ = {
			isa = PBXContainerItemProxy;
			containerPortal = 9395702E2205157C00C52C6B /* Project object */;
			proxyType = 1;
			remoteGlobalIDString = 939570352205157C00C52C6B;
			remoteInfo = ProductivityTracker;
		};
/* End PBXContainerItemProxy section */

/* Begin PBXFileReference section */
		3C05FB7B4AB1B508E7A2408D /* Pods-ProductivityTracker.debug.xcconfig */ = {isa = PBXFileReference; includeInIndex = 1; lastKnownFileType = text.xcconfig; name = "Pods-ProductivityTracker.debug.xcconfig"; path = "Target Support Files/Pods-ProductivityTracker/Pods-ProductivityTracker.debug.xcconfig"; sourceTree = "<group>"; };
		828C281349638BD3203E13FA /* Pods-ProductivityTracker.release.xcconfig */ = {isa = PBXFileReference; includeInIndex = 1; lastKnownFileType = text.xcconfig; name = "Pods-ProductivityTracker.release.xcconfig"; path = "Target Support Files/Pods-ProductivityTracker/Pods-ProductivityTracker.release.xcconfig"; sourceTree = "<group>"; };
		8F905216AAD6F424122DF29E /* Pods_ProductivityTrackerTests.framework */ = {isa = PBXFileReference; explicitFileType = wrapper.framework; includeInIndex = 0; path = Pods_ProductivityTrackerTests.framework; sourceTree = BUILT_PRODUCTS_DIR; };
		9325D043224A9464000E4AE5 /* PRGRoundSlider.swift */ = {isa = PBXFileReference; fileEncoding = 4; lastKnownFileType = sourcecode.swift; path = PRGRoundSlider.swift; sourceTree = "<group>"; };
		9325D044224A9464000E4AE5 /* PRGRoundRangeSlider.swift */ = {isa = PBXFileReference; fileEncoding = 4; lastKnownFileType = sourcecode.swift; path = PRGRoundRangeSlider.swift; sourceTree = "<group>"; };
		9325D045224A9464000E4AE5 /* SliderKit.swift */ = {isa = PBXFileReference; fileEncoding = 4; lastKnownFileType = sourcecode.swift; path = SliderKit.swift; sourceTree = "<group>"; };
		93707A9E22455604004E20B3 /* ResultsChartViewController.swift */ = {isa = PBXFileReference; lastKnownFileType = sourcecode.swift; path = ResultsChartViewController.swift; sourceTree = "<group>"; };
		93707AA022455797004E20B3 /* HealthData.swift */ = {isa = PBXFileReference; lastKnownFileType = sourcecode.swift; path = HealthData.swift; sourceTree = "<group>"; };
		939570362205157C00C52C6B /* ProductivityTracker.app */ = {isa = PBXFileReference; explicitFileType = wrapper.application; includeInIndex = 0; path = ProductivityTracker.app; sourceTree = BUILT_PRODUCTS_DIR; };
		939570392205157C00C52C6B /* AppDelegate.swift */ = {isa = PBXFileReference; lastKnownFileType = sourcecode.swift; path = AppDelegate.swift; sourceTree = "<group>"; };
		9395703B2205157C00C52C6B /* MealViewController.swift */ = {isa = PBXFileReference; lastKnownFileType = sourcecode.swift; path = MealViewController.swift; sourceTree = "<group>"; };
		9395703E2205157C00C52C6B /* Base */ = {isa = PBXFileReference; lastKnownFileType = file.storyboard; name = Base; path = Base.lproj/Main.storyboard; sourceTree = "<group>"; };
		939570402205157E00C52C6B /* Assets.xcassets */ = {isa = PBXFileReference; lastKnownFileType = folder.assetcatalog; path = Assets.xcassets; sourceTree = "<group>"; };
		939570432205157E00C52C6B /* Base */ = {isa = PBXFileReference; lastKnownFileType = file.storyboard; name = Base; path = Base.lproj/LaunchScreen.storyboard; sourceTree = "<group>"; };
		939570452205157E00C52C6B /* Info.plist */ = {isa = PBXFileReference; lastKnownFileType = text.plist.xml; path = Info.plist; sourceTree = "<group>"; };
		9395704A2205157E00C52C6B /* ProductivityTrackerTests.xctest */ = {isa = PBXFileReference; explicitFileType = wrapper.cfbundle; includeInIndex = 0; path = ProductivityTrackerTests.xctest; sourceTree = BUILT_PRODUCTS_DIR; };
		9395704E2205157E00C52C6B /* ProductivityTrackerTests.swift */ = {isa = PBXFileReference; lastKnownFileType = sourcecode.swift; path = ProductivityTrackerTests.swift; sourceTree = "<group>"; };
		939570502205157E00C52C6B /* Info.plist */ = {isa = PBXFileReference; lastKnownFileType = text.plist.xml; path = Info.plist; sourceTree = "<group>"; };
		9395705B221B378700C52C6B /* Meal.swift */ = {isa = PBXFileReference; lastKnownFileType = sourcecode.swift; path = Meal.swift; sourceTree = "<group>"; };
		9395705D221B409B00C52C6B /* MealTableViewCell.swift */ = {isa = PBXFileReference; lastKnownFileType = sourcecode.swift; path = MealTableViewCell.swift; sourceTree = "<group>"; };
		9395705F221B435300C52C6B /* RatingControl.swift */ = {isa = PBXFileReference; fileEncoding = 4; lastKnownFileType = sourcecode.swift; path = RatingControl.swift; sourceTree = "<group>"; };
		93957061221BBB2B00C52C6B /* MealTableViewController.swift */ = {isa = PBXFileReference; lastKnownFileType = sourcecode.swift; path = MealTableViewController.swift; sourceTree = "<group>"; };
		A5229FEF9004507A56B46348 /* Pods-ProductivityTrackerTests.debug.xcconfig */ = {isa = PBXFileReference; includeInIndex = 1; lastKnownFileType = text.xcconfig; name = "Pods-ProductivityTrackerTests.debug.xcconfig"; path = "Target Support Files/Pods-ProductivityTrackerTests/Pods-ProductivityTrackerTests.debug.xcconfig"; sourceTree = "<group>"; };
		B9F8786CD1C7A3DBD534EEA3 /* Pods-ProductivityTrackerTests.release.xcconfig */ = {isa = PBXFileReference; includeInIndex = 1; lastKnownFileType = text.xcconfig; name = "Pods-ProductivityTrackerTests.release.xcconfig"; path = "Target Support Files/Pods-ProductivityTrackerTests/Pods-ProductivityTrackerTests.release.xcconfig"; sourceTree = "<group>"; };
		E3B717E722EA0052EFB07041 /* Pods_ProductivityTracker.framework */ = {isa = PBXFileReference; explicitFileType = wrapper.framework; includeInIndex = 0; path = Pods_ProductivityTracker.framework; sourceTree = BUILT_PRODUCTS_DIR; };
/* End PBXFileReference section */

/* Begin PBXFrameworksBuildPhase section */
		939570332205157C00C52C6B /* Frameworks */ = {
			isa = PBXFrameworksBuildPhase;
			buildActionMask = 2147483647;
			files = (
				62F46F2B53050A7623C1B420 /* Pods_ProductivityTracker.framework in Frameworks */,
			);
			runOnlyForDeploymentPostprocessing = 0;
		};
		939570472205157E00C52C6B /* Frameworks */ = {
			isa = PBXFrameworksBuildPhase;
			buildActionMask = 2147483647;
			files = (
				2B64A0E64EDD90E73D294021 /* Pods_ProductivityTrackerTests.framework in Frameworks */,
			);
			runOnlyForDeploymentPostprocessing = 0;
		};
/* End PBXFrameworksBuildPhase section */

/* Begin PBXGroup section */
		1E37D16679E86748A45E8A72 /* Frameworks */ = {
			isa = PBXGroup;
			children = (
				E3B717E722EA0052EFB07041 /* Pods_ProductivityTracker.framework */,
				8F905216AAD6F424122DF29E /* Pods_ProductivityTrackerTests.framework */,
			);
			name = Frameworks;
			sourceTree = "<group>";
		};
		9325D042224A9464000E4AE5 /* PRGRoundSlider */ = {
			isa = PBXGroup;
			children = (
				9325D043224A9464000E4AE5 /* PRGRoundSlider.swift */,
				9325D044224A9464000E4AE5 /* PRGRoundRangeSlider.swift */,
				9325D045224A9464000E4AE5 /* SliderKit.swift */,
			);
			path = PRGRoundSlider;
			sourceTree = "<group>";
		};
		9395702D2205157C00C52C6B = {
			isa = PBXGroup;
			children = (
				939570382205157C00C52C6B /* ProductivityTracker */,
				939570372205157C00C52C6B /* Products */,
				9395704D2205157E00C52C6B /* ProductivityTrackerTests */,
				E4720CB8010DEF705644294B /* Pods */,
				1E37D16679E86748A45E8A72 /* Frameworks */,
			);
			sourceTree = "<group>";
		};
		939570372205157C00C52C6B /* Products */ = {
			isa = PBXGroup;
			children = (
				939570362205157C00C52C6B /* ProductivityTracker.app */,
				9395704A2205157E00C52C6B /* ProductivityTrackerTests.xctest */,
			);
			name = Products;
			sourceTree = "<group>";
		};
		939570382205157C00C52C6B /* ProductivityTracker */ = {
			isa = PBXGroup;
			children = (
				9325D042224A9464000E4AE5 /* PRGRoundSlider */,
				9395705F221B435300C52C6B /* RatingControl.swift */,
				939570392205157C00C52C6B /* AppDelegate.swift */,
				9395705B221B378700C52C6B /* Meal.swift */,
				9395703B2205157C00C52C6B /* MealViewController.swift */,
				9395703D2205157C00C52C6B /* Main.storyboard */,
				93957061221BBB2B00C52C6B /* MealTableViewController.swift */,
				9395705D221B409B00C52C6B /* MealTableViewCell.swift */,
				939570402205157E00C52C6B /* Assets.xcassets */,
				939570422205157E00C52C6B /* LaunchScreen.storyboard */,
				939570452205157E00C52C6B /* Info.plist */,
				93707AA022455797004E20B3 /* HealthData.swift */,
				93707A9E22455604004E20B3 /* ResultsChartViewController.swift */,
			);
			path = ProductivityTracker;
			sourceTree = "<group>";
		};
		9395704D2205157E00C52C6B /* ProductivityTrackerTests */ = {
			isa = PBXGroup;
			children = (
				9395704E2205157E00C52C6B /* ProductivityTrackerTests.swift */,
				939570502205157E00C52C6B /* Info.plist */,
			);
			path = ProductivityTrackerTests;
			sourceTree = "<group>";
		};
		E4720CB8010DEF705644294B /* Pods */ = {
			isa = PBXGroup;
			children = (
				3C05FB7B4AB1B508E7A2408D /* Pods-ProductivityTracker.debug.xcconfig */,
				828C281349638BD3203E13FA /* Pods-ProductivityTracker.release.xcconfig */,
				A5229FEF9004507A56B46348 /* Pods-ProductivityTrackerTests.debug.xcconfig */,
				B9F8786CD1C7A3DBD534EEA3 /* Pods-ProductivityTrackerTests.release.xcconfig */,
			);
			path = Pods;
			sourceTree = "<group>";
		};
/* End PBXGroup section */

/* Begin PBXNativeTarget section */
		939570352205157C00C52C6B /* ProductivityTracker */ = {
			isa = PBXNativeTarget;
			buildConfigurationList = 939570532205157E00C52C6B /* Build configuration list for PBXNativeTarget "ProductivityTracker" */;
			buildPhases = (
				973C99427F1AB398C9A61607 /* [CP] Check Pods Manifest.lock */,
				939570322205157C00C52C6B /* Sources */,
				939570332205157C00C52C6B /* Frameworks */,
				939570342205157C00C52C6B /* Resources */,
				1C766674C60E0A550488D196 /* [CP] Embed Pods Frameworks */,
			);
			buildRules = (
			);
			dependencies = (
			);
			name = ProductivityTracker;
			productName = ProductivityTracker;
			productReference = 939570362205157C00C52C6B /* ProductivityTracker.app */;
			productType = "com.apple.product-type.application";
		};
		939570492205157E00C52C6B /* ProductivityTrackerTests */ = {
			isa = PBXNativeTarget;
			buildConfigurationList = 939570562205157E00C52C6B /* Build configuration list for PBXNativeTarget "ProductivityTrackerTests" */;
			buildPhases = (
				D2B838A01EA2A2089CC1A21D /* [CP] Check Pods Manifest.lock */,
				939570462205157E00C52C6B /* Sources */,
				939570472205157E00C52C6B /* Frameworks */,
				939570482205157E00C52C6B /* Resources */,
			);
			buildRules = (
			);
			dependencies = (
				9395704C2205157E00C52C6B /* PBXTargetDependency */,
			);
			name = ProductivityTrackerTests;
			productName = ProductivityTrackerTests;
			productReference = 9395704A2205157E00C52C6B /* ProductivityTrackerTests.xctest */;
			productType = "com.apple.product-type.bundle.unit-test";
		};
/* End PBXNativeTarget section */

/* Begin PBXProject section */
		9395702E2205157C00C52C6B /* Project object */ = {
			isa = PBXProject;
			attributes = {
				LastSwiftUpdateCheck = 1010;
				LastUpgradeCheck = 1010;
				ORGANIZATIONNAME = "Bryan Dickens";
				TargetAttributes = {
					939570352205157C00C52C6B = {
						CreatedOnToolsVersion = 10.1;
					};
					939570492205157E00C52C6B = {
						CreatedOnToolsVersion = 10.1;
						TestTargetID = 939570352205157C00C52C6B;
					};
				};
			};
			buildConfigurationList = 939570312205157C00C52C6B /* Build configuration list for PBXProject "ProductivityTracker" */;
			compatibilityVersion = "Xcode 9.3";
			developmentRegion = en;
			hasScannedForEncodings = 0;
			knownRegions = (
				en,
				Base,
			);
			mainGroup = 9395702D2205157C00C52C6B;
			productRefGroup = 939570372205157C00C52C6B /* Products */;
			projectDirPath = "";
			projectRoot = "";
			targets = (
				939570352205157C00C52C6B /* ProductivityTracker */,
				939570492205157E00C52C6B /* ProductivityTrackerTests */,
			);
		};
/* End PBXProject section */

/* Begin PBXResourcesBuildPhase section */
		939570342205157C00C52C6B /* Resources */ = {
			isa = PBXResourcesBuildPhase;
			buildActionMask = 2147483647;
			files = (
				939570442205157E00C52C6B /* LaunchScreen.storyboard in Resources */,
				939570412205157E00C52C6B /* Assets.xcassets in Resources */,
				9395703F2205157C00C52C6B /* Main.storyboard in Resources */,
			);
			runOnlyForDeploymentPostprocessing = 0;
		};
		939570482205157E00C52C6B /* Resources */ = {
			isa = PBXResourcesBuildPhase;
			buildActionMask = 2147483647;
			files = (
			);
			runOnlyForDeploymentPostprocessing = 0;
		};
/* End PBXResourcesBuildPhase section */

/* Begin PBXShellScriptBuildPhase section */
		1C766674C60E0A550488D196 /* [CP] Embed Pods Frameworks */ = {
			isa = PBXShellScriptBuildPhase;
			buildActionMask = 2147483647;
			files = (
			);
			inputFileListPaths = (
			);
			inputPaths = (
				"${PODS_ROOT}/Target Support Files/Pods-ProductivityTracker/Pods-ProductivityTracker-frameworks.sh",
				"${BUILT_PRODUCTS_DIR}/Charts/Charts.framework",
				"${BUILT_PRODUCTS_DIR}/Realm/Realm.framework",
				"${BUILT_PRODUCTS_DIR}/RealmSwift/RealmSwift.framework",
			);
			name = "[CP] Embed Pods Frameworks";
			outputFileListPaths = (
			);
			outputPaths = (
				"${TARGET_BUILD_DIR}/${FRAMEWORKS_FOLDER_PATH}/Charts.framework",
				"${TARGET_BUILD_DIR}/${FRAMEWORKS_FOLDER_PATH}/Realm.framework",
				"${TARGET_BUILD_DIR}/${FRAMEWORKS_FOLDER_PATH}/RealmSwift.framework",
			);
			runOnlyForDeploymentPostprocessing = 0;
			shellPath = /bin/sh;
			shellScript = "\"${PODS_ROOT}/Target Support Files/Pods-ProductivityTracker/Pods-ProductivityTracker-frameworks.sh\"\n";
			showEnvVarsInLog = 0;
		};
		973C99427F1AB398C9A61607 /* [CP] Check Pods Manifest.lock */ = {
			isa = PBXShellScriptBuildPhase;
			buildActionMask = 2147483647;
			files = (
			);
			inputFileListPaths = (
			);
			inputPaths = (
				"${PODS_PODFILE_DIR_PATH}/Podfile.lock",
				"${PODS_ROOT}/Manifest.lock",
			);
			name = "[CP] Check Pods Manifest.lock";
			outputFileListPaths = (
			);
			outputPaths = (
				"$(DERIVED_FILE_DIR)/Pods-ProductivityTracker-checkManifestLockResult.txt",
			);
			runOnlyForDeploymentPostprocessing = 0;
			shellPath = /bin/sh;
			shellScript = "diff \"${PODS_PODFILE_DIR_PATH}/Podfile.lock\" \"${PODS_ROOT}/Manifest.lock\" > /dev/null\nif [ $? != 0 ] ; then\n    # print error to STDERR\n    echo \"error: The sandbox is not in sync with the Podfile.lock. Run 'pod install' or update your CocoaPods installation.\" >&2\n    exit 1\nfi\n# This output is used by Xcode 'outputs' to avoid re-running this script phase.\necho \"SUCCESS\" > \"${SCRIPT_OUTPUT_FILE_0}\"\n";
			showEnvVarsInLog = 0;
		};
		D2B838A01EA2A2089CC1A21D /* [CP] Check Pods Manifest.lock */ = {
			isa = PBXShellScriptBuildPhase;
			buildActionMask = 2147483647;
			files = (
			);
			inputFileListPaths = (
			);
			inputPaths = (
				"${PODS_PODFILE_DIR_PATH}/Podfile.lock",
				"${PODS_ROOT}/Manifest.lock",
			);
			name = "[CP] Check Pods Manifest.lock";
			outputFileListPaths = (
			);
			outputPaths = (
				"$(DERIVED_FILE_DIR)/Pods-ProductivityTrackerTests-checkManifestLockResult.txt",
			);
			runOnlyForDeploymentPostprocessing = 0;
			shellPath = /bin/sh;
			shellScript = "diff \"${PODS_PODFILE_DIR_PATH}/Podfile.lock\" \"${PODS_ROOT}/Manifest.lock\" > /dev/null\nif [ $? != 0 ] ; then\n    # print error to STDERR\n    echo \"error: The sandbox is not in sync with the Podfile.lock. Run 'pod install' or update your CocoaPods installation.\" >&2\n    exit 1\nfi\n# This output is used by Xcode 'outputs' to avoid re-running this script phase.\necho \"SUCCESS\" > \"${SCRIPT_OUTPUT_FILE_0}\"\n";
			showEnvVarsInLog = 0;
		};
/* End PBXShellScriptBuildPhase section */

/* Begin PBXSourcesBuildPhase section */
		939570322205157C00C52C6B /* Sources */ = {
			isa = PBXSourcesBuildPhase;
			buildActionMask = 2147483647;
			files = (
				93707A9F22455604004E20B3 /* ResultsChartViewController.swift in Sources */,
				9395705C221B378700C52C6B /* Meal.swift in Sources */,
				9325D048224A9464000E4AE5 /* SliderKit.swift in Sources */,
				9325D046224A9464000E4AE5 /* PRGRoundSlider.swift in Sources */,
				93707AA122455797004E20B3 /* HealthData.swift in Sources */,
				9395703C2205157C00C52C6B /* MealViewController.swift in Sources */,
				9325D047224A9464000E4AE5 /* PRGRoundRangeSlider.swift in Sources */,
				9395703A2205157C00C52C6B /* AppDelegate.swift in Sources */,
				93957060221B435300C52C6B /* RatingControl.swift in Sources */,
				93957062221BBB2B00C52C6B /* MealTableViewController.swift in Sources */,
				9395705E221B409B00C52C6B /* MealTableViewCell.swift in Sources */,
			);
			runOnlyForDeploymentPostprocessing = 0;
		};
		939570462205157E00C52C6B /* Sources */ = {
			isa = PBXSourcesBuildPhase;
			buildActionMask = 2147483647;
			files = (
				9395704F2205157E00C52C6B /* ProductivityTrackerTests.swift in Sources */,
			);
			runOnlyForDeploymentPostprocessing = 0;
		};
/* End PBXSourcesBuildPhase section */

/* Begin PBXTargetDependency section */
		9395704C2205157E00C52C6B /* PBXTargetDependency */ = {
			isa = PBXTargetDependency;
			target = 939570352205157C00C52C6B /* ProductivityTracker */;
			targetProxy = 9395704B2205157E00C52C6B /* PBXContainerItemProxy */;
		};
/* End PBXTargetDependency section */

/* Begin PBXVariantGroup section */
		9395703D2205157C00C52C6B /* Main.storyboard */ = {
			isa = PBXVariantGroup;
			children = (
				9395703E2205157C00C52C6B /* Base */,
			);
			name = Main.storyboard;
			sourceTree = "<group>";
		};
		939570422205157E00C52C6B /* LaunchScreen.storyboard */ = {
			isa = PBXVariantGroup;
			children = (
				939570432205157E00C52C6B /* Base */,
			);
			name = LaunchScreen.storyboard;
			sourceTree = "<group>";
		};
/* End PBXVariantGroup section */

/* Begin XCBuildConfiguration section */
		939570512205157E00C52C6B /* Debug */ = {
			isa = XCBuildConfiguration;
			buildSettings = {
				ALWAYS_SEARCH_USER_PATHS = NO;
				CLANG_ANALYZER_NONNULL = YES;
				CLANG_ANALYZER_NUMBER_OBJECT_CONVERSION = YES_AGGRESSIVE;
				CLANG_CXX_LANGUAGE_STANDARD = "gnu++14";
				CLANG_CXX_LIBRARY = "libc++";
				CLANG_ENABLE_MODULES = YES;
				CLANG_ENABLE_OBJC_ARC = YES;
				CLANG_ENABLE_OBJC_WEAK = YES;
				CLANG_WARN_BLOCK_CAPTURE_AUTORELEASING = YES;
				CLANG_WARN_BOOL_CONVERSION = YES;
				CLANG_WARN_COMMA = YES;
				CLANG_WARN_CONSTANT_CONVERSION = YES;
				CLANG_WARN_DEPRECATED_OBJC_IMPLEMENTATIONS = YES;
				CLANG_WARN_DIRECT_OBJC_ISA_USAGE = YES_ERROR;
				CLANG_WARN_DOCUMENTATION_COMMENTS = YES;
				CLANG_WARN_EMPTY_BODY = YES;
				CLANG_WARN_ENUM_CONVERSION = YES;
				CLANG_WARN_INFINITE_RECURSION = YES;
				CLANG_WARN_INT_CONVERSION = YES;
				CLANG_WARN_NON_LITERAL_NULL_CONVERSION = YES;
				CLANG_WARN_OBJC_IMPLICIT_RETAIN_SELF = YES;
				CLANG_WARN_OBJC_LITERAL_CONVERSION = YES;
				CLANG_WARN_OBJC_ROOT_CLASS = YES_ERROR;
				CLANG_WARN_RANGE_LOOP_ANALYSIS = YES;
				CLANG_WARN_STRICT_PROTOTYPES = YES;
				CLANG_WARN_SUSPICIOUS_MOVE = YES;
				CLANG_WARN_UNGUARDED_AVAILABILITY = YES_AGGRESSIVE;
				CLANG_WARN_UNREACHABLE_CODE = YES;
				CLANG_WARN__DUPLICATE_METHOD_MATCH = YES;
				CODE_SIGN_IDENTITY = "iPhone Developer";
				COPY_PHASE_STRIP = NO;
				DEBUG_INFORMATION_FORMAT = dwarf;
				ENABLE_STRICT_OBJC_MSGSEND = YES;
				ENABLE_TESTABILITY = YES;
				GCC_C_LANGUAGE_STANDARD = gnu11;
				GCC_DYNAMIC_NO_PIC = NO;
				GCC_NO_COMMON_BLOCKS = YES;
				GCC_OPTIMIZATION_LEVEL = 0;
				GCC_PREPROCESSOR_DEFINITIONS = (
					"DEBUG=1",
					"$(inherited)",
				);
				GCC_WARN_64_TO_32_BIT_CONVERSION = YES;
				GCC_WARN_ABOUT_RETURN_TYPE = YES_ERROR;
				GCC_WARN_UNDECLARED_SELECTOR = YES;
				GCC_WARN_UNINITIALIZED_AUTOS = YES_AGGRESSIVE;
				GCC_WARN_UNUSED_FUNCTION = YES;
				GCC_WARN_UNUSED_VARIABLE = YES;
				IPHONEOS_DEPLOYMENT_TARGET = 12.1;
				MTL_ENABLE_DEBUG_INFO = INCLUDE_SOURCE;
				MTL_FAST_MATH = YES;
				ONLY_ACTIVE_ARCH = YES;
				SDKROOT = iphoneos;
				SWIFT_ACTIVE_COMPILATION_CONDITIONS = DEBUG;
				SWIFT_OPTIMIZATION_LEVEL = "-Onone";
			};
			name = Debug;
		};
		939570522205157E00C52C6B /* Release */ = {
			isa = XCBuildConfiguration;
			buildSettings = {
				ALWAYS_SEARCH_USER_PATHS = NO;
				CLANG_ANALYZER_NONNULL = YES;
				CLANG_ANALYZER_NUMBER_OBJECT_CONVERSION = YES_AGGRESSIVE;
				CLANG_CXX_LANGUAGE_STANDARD = "gnu++14";
				CLANG_CXX_LIBRARY = "libc++";
				CLANG_ENABLE_MODULES = YES;
				CLANG_ENABLE_OBJC_ARC = YES;
				CLANG_ENABLE_OBJC_WEAK = YES;
				CLANG_WARN_BLOCK_CAPTURE_AUTORELEASING = YES;
				CLANG_WARN_BOOL_CONVERSION = YES;
				CLANG_WARN_COMMA = YES;
				CLANG_WARN_CONSTANT_CONVERSION = YES;
				CLANG_WARN_DEPRECATED_OBJC_IMPLEMENTATIONS = YES;
				CLANG_WARN_DIRECT_OBJC_ISA_USAGE = YES_ERROR;
				CLANG_WARN_DOCUMENTATION_COMMENTS = YES;
				CLANG_WARN_EMPTY_BODY = YES;
				CLANG_WARN_ENUM_CONVERSION = YES;
				CLANG_WARN_INFINITE_RECURSION = YES;
				CLANG_WARN_INT_CONVERSION = YES;
				CLANG_WARN_NON_LITERAL_NULL_CONVERSION = YES;
				CLANG_WARN_OBJC_IMPLICIT_RETAIN_SELF = YES;
				CLANG_WARN_OBJC_LITERAL_CONVERSION = YES;
				CLANG_WARN_OBJC_ROOT_CLASS = YES_ERROR;
				CLANG_WARN_RANGE_LOOP_ANALYSIS = YES;
				CLANG_WARN_STRICT_PROTOTYPES = YES;
				CLANG_WARN_SUSPICIOUS_MOVE = YES;
				CLANG_WARN_UNGUARDED_AVAILABILITY = YES_AGGRESSIVE;
				CLANG_WARN_UNREACHABLE_CODE = YES;
				CLANG_WARN__DUPLICATE_METHOD_MATCH = YES;
				CODE_SIGN_IDENTITY = "iPhone Developer";
				COPY_PHASE_STRIP = NO;
				DEBUG_INFORMATION_FORMAT = "dwarf-with-dsym";
				ENABLE_NS_ASSERTIONS = NO;
				ENABLE_STRICT_OBJC_MSGSEND = YES;
				GCC_C_LANGUAGE_STANDARD = gnu11;
				GCC_NO_COMMON_BLOCKS = YES;
				GCC_WARN_64_TO_32_BIT_CONVERSION = YES;
				GCC_WARN_ABOUT_RETURN_TYPE = YES_ERROR;
				GCC_WARN_UNDECLARED_SELECTOR = YES;
				GCC_WARN_UNINITIALIZED_AUTOS = YES_AGGRESSIVE;
				GCC_WARN_UNUSED_FUNCTION = YES;
				GCC_WARN_UNUSED_VARIABLE = YES;
				IPHONEOS_DEPLOYMENT_TARGET = 12.1;
				MTL_ENABLE_DEBUG_INFO = NO;
				MTL_FAST_MATH = YES;
				SDKROOT = iphoneos;
				SWIFT_COMPILATION_MODE = wholemodule;
				SWIFT_OPTIMIZATION_LEVEL = "-O";
				VALIDATE_PRODUCT = YES;
			};
			name = Release;
		};
		939570542205157E00C52C6B /* Debug */ = {
			isa = XCBuildConfiguration;
			baseConfigurationReference = 3C05FB7B4AB1B508E7A2408D /* Pods-ProductivityTracker.debug.xcconfig */;
			buildSettings = {
				ASSETCATALOG_COMPILER_APPICON_NAME = AppIcon;
				CODE_SIGN_STYLE = Automatic;
				DEVELOPMENT_TEAM = 52DE2SN9YN;
				INFOPLIST_FILE = ProductivityTracker/Info.plist;
				LD_RUNPATH_SEARCH_PATHS = (
					"$(inherited)",
					"@executable_path/Frameworks",
				);
				PRODUCT_BUNDLE_IDENTIFIER = brd.ProductivityTracker;
				PRODUCT_NAME = "$(TARGET_NAME)";
				SWIFT_VERSION = 4.2;
				TARGETED_DEVICE_FAMILY = "1,2";
			};
			name = Debug;
		};
		939570552205157E00C52C6B /* Release */ = {
			isa = XCBuildConfiguration;
			baseConfigurationReference = 828C281349638BD3203E13FA /* Pods-ProductivityTracker.release.xcconfig */;
			buildSettings = {
				ASSETCATALOG_COMPILER_APPICON_NAME = AppIcon;
				CODE_SIGN_STYLE = Automatic;
				DEVELOPMENT_TEAM = 52DE2SN9YN;
				INFOPLIST_FILE = ProductivityTracker/Info.plist;
				LD_RUNPATH_SEARCH_PATHS = (
					"$(inherited)",
					"@executable_path/Frameworks",
				);
				PRODUCT_BUNDLE_IDENTIFIER = brd.ProductivityTracker;
				PRODUCT_NAME = "$(TARGET_NAME)";
				SWIFT_VERSION = 4.2;
				TARGETED_DEVICE_FAMILY = "1,2";
			};
			name = Release;
		};
		939570572205157E00C52C6B /* Debug */ = {
			isa = XCBuildConfiguration;
			baseConfigurationReference = A5229FEF9004507A56B46348 /* Pods-ProductivityTrackerTests.debug.xcconfig */;
			buildSettings = {
				ALWAYS_EMBED_SWIFT_STANDARD_LIBRARIES = YES;
				BUNDLE_LOADER = "$(TEST_HOST)";
				CODE_SIGN_STYLE = Automatic;
				INFOPLIST_FILE = ProductivityTrackerTests/Info.plist;
				LD_RUNPATH_SEARCH_PATHS = (
					"$(inherited)",
					"@executable_path/Frameworks",
					"@loader_path/Frameworks",
				);
				PRODUCT_BUNDLE_IDENTIFIER = brd.ProductivityTrackerTests;
				PRODUCT_NAME = "$(TARGET_NAME)";
				SWIFT_VERSION = 4.2;
				TARGETED_DEVICE_FAMILY = "1,2";
				TEST_HOST = "$(BUILT_PRODUCTS_DIR)/ProductivityTracker.app/ProductivityTracker";
			};
			name = Debug;
		};
		939570582205157E00C52C6B /* Release */ = {
			isa = XCBuildConfiguration;
			baseConfigurationReference = B9F8786CD1C7A3DBD534EEA3 /* Pods-ProductivityTrackerTests.release.xcconfig */;
			buildSettings = {
				ALWAYS_EMBED_SWIFT_STANDARD_LIBRARIES = YES;
				BUNDLE_LOADER = "$(TEST_HOST)";
				CODE_SIGN_STYLE = Automatic;
				INFOPLIST_FILE = ProductivityTrackerTests/Info.plist;
				LD_RUNPATH_SEARCH_PATHS = (
					"$(inherited)",
					"@executable_path/Frameworks",
					"@loader_path/Frameworks",
				);
				PRODUCT_BUNDLE_IDENTIFIER = brd.ProductivityTrackerTests;
				PRODUCT_NAME = "$(TARGET_NAME)";
				SWIFT_VERSION = 4.2;
				TARGETED_DEVICE_FAMILY = "1,2";
				TEST_HOST = "$(BUILT_PRODUCTS_DIR)/ProductivityTracker.app/ProductivityTracker";
			};
			name = Release;
		};
/* End XCBuildConfiguration section */

/* Begin XCConfigurationList section */
		939570312205157C00C52C6B /* Build configuration list for PBXProject "ProductivityTracker" */ = {
			isa = XCConfigurationList;
			buildConfigurations = (
				939570512205157E00C52C6B /* Debug */,
				939570522205157E00C52C6B /* Release */,
			);
			defaultConfigurationIsVisible = 0;
			defaultConfigurationName = Release;
		};
		939570532205157E00C52C6B /* Build configuration list for PBXNativeTarget "ProductivityTracker" */ = {
			isa = XCConfigurationList;
			buildConfigurations = (
				939570542205157E00C52C6B /* Debug */,
				939570552205157E00C52C6B /* Release */,
			);
			defaultConfigurationIsVisible = 0;
			defaultConfigurationName = Release;
		};
		939570562205157E00C52C6B /* Build configuration list for PBXNativeTarget "ProductivityTrackerTests" */ = {
			isa = XCConfigurationList;
			buildConfigurations = (
				939570572205157E00C52C6B /* Debug */,
				939570582205157E00C52C6B /* Release */,
			);
			defaultConfigurationIsVisible = 0;
			defaultConfigurationName = Release;
		};
/* End XCConfigurationList section */
	};
	rootObject = 9395702E2205157C00C52C6B /* Project object */;
}
